<Solution>
  <Folder Name="/解决方案项/">
    <File Path="Directory.Packages.props" />
  </Folder>
  <Project Path="ODProxl.EntityModels/ODProxl.EntityModels.csproj" Id="f9e59c20-002c-423f-8dbe-0867039a760e" />
  <Project Path="ODProxl.Services/ODProxl.Services.csproj" />
  <Project Path="ODProxl.Utils/ODProxl.Utils.csproj" Id="93dc0af8-dfab-4b7e-8f46-b71bb0478855" />
  <Project Path="ODProxl.ViewModels/ODProxl.ViewModels.csproj" />
  <Project Path="ODProxl/ODProxl.csproj" />
</Solution>
